
Microsoft Visual Studio Solution File, Format Version 12.00
# Visual Studio Version 16
VisualStudioVersion = 16.0.29519.181
MinimumVisualStudioVersion = 10.0.40219.1
Project("{FAE04EC0-301F-11D3-BF4B-00C04F79EFBC}") = "Presentacion", "Presentacion\Presentacion.csproj", "{716A8365-44BB-46CF-ABF9-98368A1AA860}"
EndProject
Project("{FAE04EC0-301F-11D3-BF4B-00C04F79EFBC}") = "Datos", "Datos\Datos.csproj", "{1437E0E9-E4E0-47C4-993B-F49854487D3B}"
EndProject
Project("{FAE04EC0-301F-11D3-BF4B-00C04F79EFBC}") = "Entidad", "Entidad\Entidad.csproj", "{EBA713D9-60A5-4E41-84E6-530F3D35F702}"
EndProject
Project("{FAE04EC0-301F-11D3-BF4B-00C04F79EFBC}") = "Negocio", "Negocio\Negocio.csproj", "{A7D5E2C3-46EF-4BBF-AB22-BA631316458B}"
EndProject
Project("{54435603-DBB4-11D2-8724-00A0C9A8B90C}") = "Instalador", "Instalador\Instalador.vdproj", "{1B63E755-BC19-4F17-AA53-2A3B8E9CCA21}"
EndProject
Project("{FAE04EC0-301F-11D3-BF4B-00C04F79EFBC}") = "Conexion SQL", "Conexion SQL\Conexion SQL.csproj", "{FB626B9D-ECDB-4B38-8250-E1B000D5D7E8}"
EndProject
Global
	GlobalSection(SolutionConfigurationPlatforms) = preSolution
		Debug|Any CPU = Debug|Any CPU
		Debug|ARM = Debug|ARM
		Debug|ARM64 = Debug|ARM64
		Debug|x64 = Debug|x64
		Debug|x86 = Debug|x86
		Release|Any CPU = Release|Any CPU
		Release|ARM = Release|ARM
		Release|ARM64 = Release|ARM64
		Release|x64 = Release|x64
		Release|x86 = Release|x86
	EndGlobalSection
	GlobalSection(ProjectConfigurationPlatforms) = postSolution
		{716A8365-44BB-46CF-ABF9-98368A1AA860}.Debug|Any CPU.ActiveCfg = Release|Any CPU
		{716A8365-44BB-46CF-ABF9-98368A1AA860}.Debug|Any CPU.Build.0 = Release|Any CPU
		{716A8365-44BB-46CF-ABF9-98368A1AA860}.Debug|ARM.ActiveCfg = Debug|Any CPU
		{716A8365-44BB-46CF-ABF9-98368A1AA860}.Debug|ARM.Build.0 = Debug|Any CPU
		{716A8365-44BB-46CF-ABF9-98368A1AA860}.Debug|ARM64.ActiveCfg = Debug|Any CPU
		{716A8365-44BB-46CF-ABF9-98368A1AA860}.Debug|ARM64.Build.0 = Debug|Any CPU
		{716A8365-44BB-46CF-ABF9-98368A1AA860}.Debug|x64.ActiveCfg = Debug|Any CPU
		{716A8365-44BB-46CF-ABF9-98368A1AA860}.Debug|x64.Build.0 = Debug|Any CPU
		{716A8365-44BB-46CF-ABF9-98368A1AA860}.Debug|x86.ActiveCfg = Debug|Any CPU
		{716A8365-44BB-46CF-ABF9-98368A1AA860}.Debug|x86.Build.0 = Debug|Any CPU
		{716A8365-44BB-46CF-ABF9-98368A1AA860}.Release|Any CPU.ActiveCfg = Release|Any CPU
		{716A8365-44BB-46CF-ABF9-98368A1AA860}.Release|Any CPU.Build.0 = Release|Any CPU
		{716A8365-44BB-46CF-ABF9-98368A1AA860}.Release|ARM.ActiveCfg = Release|Any CPU
		{716A8365-44BB-46CF-ABF9-98368A1AA860}.Release|ARM.Build.0 = Release|Any CPU
		{716A8365-44BB-46CF-ABF9-98368A1AA860}.Release|ARM64.ActiveCfg = Release|Any CPU
		{716A8365-44BB-46CF-ABF9-98368A1AA860}.Release|ARM64.Build.0 = Release|Any CPU
		{716A8365-44BB-46CF-ABF9-98368A1AA860}.Release|x64.ActiveCfg = Release|Any CPU
		{716A8365-44BB-46CF-ABF9-98368A1AA860}.Release|x64.Build.0 = Release|Any CPU
		{716A8365-44BB-46CF-ABF9-98368A1AA860}.Release|x86.ActiveCfg = Release|Any CPU
		{716A8365-44BB-46CF-ABF9-98368A1AA860}.Release|x86.Build.0 = Release|Any CPU
		{1437E0E9-E4E0-47C4-993B-F49854487D3B}.Debug|Any CPU.ActiveCfg = Release|Any CPU
		{1437E0E9-E4E0-47C4-993B-F49854487D3B}.Debug|Any CPU.Build.0 = Release|Any CPU
		{1437E0E9-E4E0-47C4-993B-F49854487D3B}.Debug|ARM.ActiveCfg = Debug|Any CPU
		{1437E0E9-E4E0-47C4-993B-F49854487D3B}.Debug|ARM.Build.0 = Debug|Any CPU
		{1437E0E9-E4E0-47C4-993B-F49854487D3B}.Debug|ARM64.ActiveCfg = Debug|Any CPU
		{1437E0E9-E4E0-47C4-993B-F49854487D3B}.Debug|ARM64.Build.0 = Debug|Any CPU
		{1437E0E9-E4E0-47C4-993B-F49854487D3B}.Debug|x64.ActiveCfg = Debug|Any CPU
		{1437E0E9-E4E0-47C4-993B-F49854487D3B}.Debug|x64.Build.0 = Debug|Any CPU
		{1437E0E9-E4E0-47C4-993B-F49854487D3B}.Debug|x86.ActiveCfg = Debug|Any CPU
		{1437E0E9-E4E0-47C4-993B-F49854487D3B}.Debug|x86.Build.0 = Debug|Any CPU
		{1437E0E9-E4E0-47C4-993B-F49854487D3B}.Release|Any CPU.ActiveCfg = Release|Any CPU
		{1437E0E9-E4E0-47C4-993B-F49854487D3B}.Release|Any CPU.Build.0 = Release|Any CPU
		{1437E0E9-E4E0-47C4-993B-F49854487D3B}.Release|ARM.ActiveCfg = Release|Any CPU
		{1437E0E9-E4E0-47C4-993B-F49854487D3B}.Release|ARM.Build.0 = Release|Any CPU
		{1437E0E9-E4E0-47C4-993B-F49854487D3B}.Release|ARM64.ActiveCfg = Release|Any CPU
		{1437E0E9-E4E0-47C4-993B-F49854487D3B}.Release|ARM64.Build.0 = Release|Any CPU
		{1437E0E9-E4E0-47C4-993B-F49854487D3B}.Release|x64.ActiveCfg = Release|Any CPU
		{1437E0E9-E4E0-47C4-993B-F49854487D3B}.Release|x64.Build.0 = Release|Any CPU
		{1437E0E9-E4E0-47C4-993B-F49854487D3B}.Release|x86.ActiveCfg = Release|Any CPU
		{1437E0E9-E4E0-47C4-993B-F49854487D3B}.Release|x86.Build.0 = Release|Any CPU
		{EBA713D9-60A5-4E41-84E6-530F3D35F702}.Debug|Any CPU.ActiveCfg = Release|Any CPU
		{EBA713D9-60A5-4E41-84E6-530F3D35F702}.Debug|Any CPU.Build.0 = Release|Any CPU
		{EBA713D9-60A5-4E41-84E6-530F3D35F702}.Debug|ARM.ActiveCfg = Debug|Any CPU
		{EBA713D9-60A5-4E41-84E6-530F3D35F702}.Debug|ARM.Build.0 = Debug|Any CPU
		{EBA713D9-60A5-4E41-84E6-530F3D35F702}.Debug|ARM64.ActiveCfg = Debug|Any CPU
		{EBA713D9-60A5-4E41-84E6-530F3D35F702}.Debug|ARM64.Build.0 = Debug|Any CPU
		{EBA713D9-60A5-4E41-84E6-530F3D35F702}.Debug|x64.ActiveCfg = Debug|Any CPU
		{EBA713D9-60A5-4E41-84E6-530F3D35F702}.Debug|x64.Build.0 = Debug|Any CPU
		{EBA713D9-60A5-4E41-84E6-530F3D35F702}.Debug|x86.ActiveCfg = Debug|Any CPU
		{EBA713D9-60A5-4E41-84E6-530F3D35F702}.Debug|x86.Build.0 = Debug|Any CPU
		{EBA713D9-60A5-4E41-84E6-530F3D35F702}.Release|Any CPU.ActiveCfg = Release|Any CPU
		{EBA713D9-60A5-4E41-84E6-530F3D35F702}.Release|Any CPU.Build.0 = Release|Any CPU
		{EBA713D9-60A5-4E41-84E6-530F3D35F702}.Release|ARM.ActiveCfg = Release|Any CPU
		{EBA713D9-60A5-4E41-84E6-530F3D35F702}.Release|ARM.Build.0 = Release|Any CPU
		{EBA713D9-60A5-4E41-84E6-530F3D35F702}.Release|ARM64.ActiveCfg = Release|Any CPU
		{EBA713D9-60A5-4E41-84E6-530F3D35F702}.Release|ARM64.Build.0 = Release|Any CPU
		{EBA713D9-60A5-4E41-84E6-530F3D35F702}.Release|x64.ActiveCfg = Release|Any CPU
		{EBA713D9-60A5-4E41-84E6-530F3D35F702}.Release|x64.Build.0 = Release|Any CPU
		{EBA713D9-60A5-4E41-84E6-530F3D35F702}.Release|x86.ActiveCfg = Release|Any CPU
		{EBA713D9-60A5-4E41-84E6-530F3D35F702}.Release|x86.Build.0 = Release|Any CPU
		{A7D5E2C3-46EF-4BBF-AB22-BA631316458B}.Debug|Any CPU.ActiveCfg = Release|Any CPU
		{A7D5E2C3-46EF-4BBF-AB22-BA631316458B}.Debug|Any CPU.Build.0 = Release|Any CPU
		{A7D5E2C3-46EF-4BBF-AB22-BA631316458B}.Debug|ARM.ActiveCfg = Debug|Any CPU
		{A7D5E2C3-46EF-4BBF-AB22-BA631316458B}.Debug|ARM.Build.0 = Debug|Any CPU
		{A7D5E2C3-46EF-4BBF-AB22-BA631316458B}.Debug|ARM64.ActiveCfg = Debug|Any CPU
		{A7D5E2C3-46EF-4BBF-AB22-BA631316458B}.Debug|ARM64.Build.0 = Debug|Any CPU
		{A7D5E2C3-46EF-4BBF-AB22-BA631316458B}.Debug|x64.ActiveCfg = Debug|Any CPU
		{A7D5E2C3-46EF-4BBF-AB22-BA631316458B}.Debug|x64.Build.0 = Debug|Any CPU
		{A7D5E2C3-46EF-4BBF-AB22-BA631316458B}.Debug|x86.ActiveCfg = Debug|Any CPU
		{A7D5E2C3-46EF-4BBF-AB22-BA631316458B}.Debug|x86.Build.0 = Debug|Any CPU
		{A7D5E2C3-46EF-4BBF-AB22-BA631316458B}.Release|Any CPU.ActiveCfg = Release|Any CPU
		{A7D5E2C3-46EF-4BBF-AB22-BA631316458B}.Release|Any CPU.Build.0 = Release|Any CPU
		{A7D5E2C3-46EF-4BBF-AB22-BA631316458B}.Release|ARM.ActiveCfg = Release|Any CPU
		{A7D5E2C3-46EF-4BBF-AB22-BA631316458B}.Release|ARM.Build.0 = Release|Any CPU
		{A7D5E2C3-46EF-4BBF-AB22-BA631316458B}.Release|ARM64.ActiveCfg = Release|Any CPU
		{A7D5E2C3-46EF-4BBF-AB22-BA631316458B}.Release|ARM64.Build.0 = Release|Any CPU
		{A7D5E2C3-46EF-4BBF-AB22-BA631316458B}.Release|x64.ActiveCfg = Release|Any CPU
		{A7D5E2C3-46EF-4BBF-AB22-BA631316458B}.Release|x64.Build.0 = Release|Any CPU
		{A7D5E2C3-46EF-4BBF-AB22-BA631316458B}.Release|x86.ActiveCfg = Release|Any CPU
		{A7D5E2C3-46EF-4BBF-AB22-BA631316458B}.Release|x86.Build.0 = Release|Any CPU
		{1B63E755-BC19-4F17-AA53-2A3B8E9CCA21}.Debug|Any CPU.ActiveCfg = Debug
		{1B63E755-BC19-4F17-AA53-2A3B8E9CCA21}.Debug|ARM.ActiveCfg = Debug
		{1B63E755-BC19-4F17-AA53-2A3B8E9CCA21}.Debug|ARM64.ActiveCfg = Debug
		{1B63E755-BC19-4F17-AA53-2A3B8E9CCA21}.Debug|x64.ActiveCfg = Debug
		{1B63E755-BC19-4F17-AA53-2A3B8E9CCA21}.Debug|x86.ActiveCfg = Debug
		{1B63E755-BC19-4F17-AA53-2A3B8E9CCA21}.Release|Any CPU.ActiveCfg = Release
		{1B63E755-BC19-4F17-AA53-2A3B8E9CCA21}.Release|ARM.ActiveCfg = Release
		{1B63E755-BC19-4F17-AA53-2A3B8E9CCA21}.Release|ARM64.ActiveCfg = Release
		{1B63E755-BC19-4F17-AA53-2A3B8E9CCA21}.Release|x64.ActiveCfg = Release
		{1B63E755-BC19-4F17-AA53-2A3B8E9CCA21}.Release|x86.ActiveCfg = Release
		{FB626B9D-ECDB-4B38-8250-E1B000D5D7E8}.Debug|Any CPU.ActiveCfg = Debug|Any CPU
		{FB626B9D-ECDB-4B38-8250-E1B000D5D7E8}.Debug|Any CPU.Build.0 = Debug|Any CPU
		{FB626B9D-ECDB-4B38-8250-E1B000D5D7E8}.Debug|ARM.ActiveCfg = Debug|Any CPU
		{FB626B9D-ECDB-4B38-8250-E1B000D5D7E8}.Debug|ARM.Build.0 = Debug|Any CPU
		{FB626B9D-ECDB-4B38-8250-E1B000D5D7E8}.Debug|ARM64.ActiveCfg = Debug|Any CPU
		{FB626B9D-ECDB-4B38-8250-E1B000D5D7E8}.Debug|ARM64.Build.0 = Debug|Any CPU
		{FB626B9D-ECDB-4B38-8250-E1B000D5D7E8}.Debug|x64.ActiveCfg = Debug|Any CPU
		{FB626B9D-ECDB-4B38-8250-E1B000D5D7E8}.Debug|x64.Build.0 = Debug|Any CPU
		{FB626B9D-ECDB-4B38-8250-E1B000D5D7E8}.Debug|x86.ActiveCfg = Debug|Any CPU
		{FB626B9D-ECDB-4B38-8250-E1B000D5D7E8}.Debug|x86.Build.0 = Debug|Any CPU
		{FB626B9D-ECDB-4B38-8250-E1B000D5D7E8}.Release|Any CPU.ActiveCfg = Release|Any CPU
		{FB626B9D-ECDB-4B38-8250-E1B000D5D7E8}.Release|Any CPU.Build.0 = Release|Any CPU
		{FB626B9D-ECDB-4B38-8250-E1B000D5D7E8}.Release|ARM.ActiveCfg = Release|Any CPU
		{FB626B9D-ECDB-4B38-8250-E1B000D5D7E8}.Release|ARM.Build.0 = Release|Any CPU
		{FB626B9D-ECDB-4B38-8250-E1B000D5D7E8}.Release|ARM64.ActiveCfg = Release|Any CPU
		{FB626B9D-ECDB-4B38-8250-E1B000D5D7E8}.Release|ARM64.Build.0 = Release|Any CPU
		{FB626B9D-ECDB-4B38-8250-E1B000D5D7E8}.Release|x64.ActiveCfg = Release|Any CPU
		{FB626B9D-ECDB-4B38-8250-E1B000D5D7E8}.Release|x64.Build.0 = Release|Any CPU
		{FB626B9D-ECDB-4B38-8250-E1B000D5D7E8}.Release|x86.ActiveCfg = Release|Any CPU
		{FB626B9D-ECDB-4B38-8250-E1B000D5D7E8}.Release|x86.Build.0 = Release|Any CPU
	EndGlobalSection
	GlobalSection(SolutionProperties) = preSolution
		HideSolutionNode = FALSE
	EndGlobalSection
	GlobalSection(ExtensibilityGlobals) = postSolution
		SolutionGuid = {373C1DB3-20DC-47AA-9F72-DB8F1EC04CF6}
	EndGlobalSection
EndGlobal
